{
  "nodes": {
    "agenix": {
      "inputs": {
        "nixpkgs": [
          "nixpkgs"
        ]
      },
      "locked": {
        "lastModified": 1652712410,
        "narHash": "sha256-hMJ2TqLt0DleEnQFGUHK9sV2aAzJPU8pZeiZoqRozbE=",
        "owner": "ryantm",
        "repo": "agenix",
        "rev": "7e5e58b98c3dcbf497543ff6f22591552ebfe65b",
        "type": "github"
      },
      "original": {
        "owner": "ryantm",
        "repo": "agenix",
        "type": "github"
      }
    },
    "emacs-overlay": {
      "inputs": {
        "flake-utils": "flake-utils",
        "nixpkgs": [
          "nixpkgs"
        ]
      },
      "locked": {
        "lastModified": 1657707968,
        "narHash": "sha256-qM/0yuugK31yy+ZJcTVuWNYk4ifTjY8co8iRg3my0sM=",
        "owner": "nix-community",
        "repo": "emacs-overlay",
        "rev": "edd30ea6e6daae76cf05a1f2b52aed19ba5b5a69",
        "type": "github"
      },
      "original": {
        "owner": "nix-community",
        "repo": "emacs-overlay",
        "type": "github"
      }
    },
    "flake-utils": {
      "locked": {
        "lastModified": 1656928814,
        "narHash": "sha256-RIFfgBuKz6Hp89yRr7+NR5tzIAbn52h8vT6vXkYjZoM=",
        "owner": "numtide",
        "repo": "flake-utils",
        "rev": "7e2a3b3dfd9af950a856d66b0a7d01e3c18aa249",
        "type": "github"
      },
      "original": {
        "owner": "numtide",
        "repo": "flake-utils",
        "type": "github"
      }
    },
    "flake-utils_2": {
      "locked": {
        "lastModified": 1642700792,
        "narHash": "sha256-XqHrk7hFb+zBvRg6Ghl+AZDq03ov6OshJLiSWOoX5es=",
        "owner": "numtide",
        "repo": "flake-utils",
        "rev": "846b2ae0fc4cc943637d3d1def4454213e203cba",
        "type": "github"
      },
      "original": {
        "owner": "numtide",
        "repo": "flake-utils",
        "type": "github"
      }
    },
    "home-manager": {
      "inputs": {
        "nixpkgs": [
          "nixpkgs"
        ]
      },
      "locked": {
        "lastModified": 1656169755,
        "narHash": "sha256-Nlnm4jeQWEGjYrE6hxi/7HYHjBSZ/E0RtjCYifnNsWk=",
        "owner": "nix-community",
        "repo": "home-manager",
        "rev": "4a3d01fb53f52ac83194081272795aa4612c2381",
        "type": "github"
      },
      "original": {
        "owner": "nix-community",
        "ref": "release-22.05",
        "repo": "home-manager",
        "type": "github"
      }
    },
    "mach-nix": {
      "inputs": {
        "flake-utils": "flake-utils_2",
        "nixpkgs": [
          "nixpkgs"
        ],
        "pypi-deps-db": "pypi-deps-db"
      },
      "locked": {
        "lastModified": 1657089034,
        "narHash": "sha256-qSjk1iOi14ijAOP6QuGfE3fvy08aVxsgus+ArwgiyuU=",
        "owner": "DavHau",
        "repo": "mach-nix",
        "rev": "51caf584f26acdfaa51bbf7ee1ffa365aea7bc64",
        "type": "github"
      },
      "original": {
        "owner": "DavHau",
        "repo": "mach-nix",
        "type": "github"
      }
    },
    "nixpkgs": {
      "locked": {
        "lastModified": 1657654771,
        "narHash": "sha256-uIGbt+rU89aTlSx8+4g9vKioWc8nmCCcaaFCNPHM07c=",
        "owner": "nixos",
        "repo": "nixpkgs",
        "rev": "4aceab3cadf9fef6f70b9f6a9df964218650db0a",
        "type": "github"
      },
      "original": {
        "owner": "nixos",
        "ref": "nixos-22.05",
        "repo": "nixpkgs",
        "type": "github"
      }
    },
    "nixpkgs-unstable": {
      "locked": {
        "lastModified": 1657802959,
        "narHash": "sha256-9+JWARSdlL8KiH3ymnKDXltE1vM+/WEJ78F5B1kjXys=",
        "owner": "NixOS",
        "repo": "nixpkgs",
        "rev": "4a01ca36d6bfc133bc617e661916a81327c9bbc8",
        "type": "github"
      },
      "original": {
        "owner": "NixOS",
        "ref": "nixos-unstable",
        "repo": "nixpkgs",
        "type": "github"
      }
    },
    "pypi-deps-db": {
      "flake": false,
      "locked": {
        "lastModified": 1643877077,
        "narHash": "sha256-jv8pIvRFTP919GybOxXE5TfOkrjTbdo9QiCO1TD3ZaY=",
        "owner": "DavHau",
        "repo": "pypi-deps-db",
        "rev": "da53397f0b782b0b18deb72ef8e0fb5aa7c98aa3",
        "type": "github"
      },
      "original": {
        "owner": "DavHau",
        "repo": "pypi-deps-db",
        "type": "github"
      }
    },
    "root": {
      "inputs": {
        "agenix": "agenix",
        "emacs-overlay": "emacs-overlay",
        "home-manager": "home-manager",
        "mach-nix": "mach-nix",
        "nixpkgs": "nixpkgs",
        "nixpkgs-unstable": "nixpkgs-unstable"
      }
    }
  },
  "root": "root",
  "version": 7
}
